
Microsoft Visual Studio Solution File, Format Version 11.00
# Visual Studio 2010
Project("{FAE04EC0-301F-11D3-BF4B-00C04F79EFBC}") = "ControlKitExperimental", "ControlKitExperimental\ControlKitExperimental.csproj", "{F298A85E-9478-484E-930E-85112B947486}"
EndProject
Project("{FAE04EC0-301F-11D3-BF4B-00C04F79EFBC}") = "ControlKit", "ControlKit\ControlKit.csproj", "{8A7E50ED-531D-47BC-9CBF-F8BE3D6A751E}"
EndProject
Global
	GlobalSection(SolutionConfigurationPlatforms) = preSolution
		Debug|Any CPU = Debug|Any CPU
		Release|Any CPU = Release|Any CPU
	EndGlobalSection
	GlobalSection(ProjectConfigurationPlatforms) = postSolution
		{F298A85E-9478-484E-930E-85112B947486}.Debug|Any CPU.ActiveCfg = Debug|Any CPU
		{F298A85E-9478-484E-930E-85112B947486}.Debug|Any CPU.Build.0 = Debug|Any CPU
		{F298A85E-9478-484E-930E-85112B947486}.Debug|Any CPU.Deploy.0 = Debug|Any CPU
		{F298A85E-9478-484E-930E-85112B947486}.Release|Any CPU.ActiveCfg = Release|Any CPU
		{F298A85E-9478-484E-930E-85112B947486}.Release|Any CPU.Build.0 = Release|Any CPU
		{F298A85E-9478-484E-930E-85112B947486}.Release|Any CPU.Deploy.0 = Release|Any CPU
		{8A7E50ED-531D-47BC-9CBF-F8BE3D6A751E}.Debug|Any CPU.ActiveCfg = Debug|Any CPU
		{8A7E50ED-531D-47BC-9CBF-F8BE3D6A751E}.Debug|Any CPU.Build.0 = Debug|Any CPU
		{8A7E50ED-531D-47BC-9CBF-F8BE3D6A751E}.Release|Any CPU.ActiveCfg = Release|Any CPU
		{8A7E50ED-531D-47BC-9CBF-F8BE3D6A751E}.Release|Any CPU.Build.0 = Release|Any CPU
	EndGlobalSection
	GlobalSection(SolutionProperties) = preSolution
		HideSolutionNode = FALSE
	EndGlobalSection
EndGlobal
